// !$*UTF8*$!
{
	archiveVersion = 1;
	classes = {
	};
	objectVersion = 48;
	objects = {

/* Begin PBXBuildFile section */
		241FD9651FA8FFAD00FBD750 /* UINavigationBar+Utils.swift in Sources */ = {isa = PBXBuildFile; fileRef = 241FD9641FA8FFAD00FBD750 /* UINavigationBar+Utils.swift */; };
		241FD9671FA9022400FBD750 /* FilledButton.swift in Sources */ = {isa = PBXBuildFile; fileRef = 241FD9661FA9022400FBD750 /* FilledButton.swift */; };
		241FD9691FA9087900FBD750 /* GroupedTextField.swift in Sources */ = {isa = PBXBuildFile; fileRef = 241FD9681FA9087900FBD750 /* GroupedTextField.swift */; };
		241FD96B1FA9090F00FBD750 /* UI.swift in Sources */ = {isa = PBXBuildFile; fileRef = 241FD96A1FA9090F00FBD750 /* UI.swift */; };
		241FD96F1FA9191500FBD750 /* SignInNavigationController.swift in Sources */ = {isa = PBXBuildFile; fileRef = 241FD96E1FA9191500FBD750 /* SignInNavigationController.swift */; };
		243014261FA8FE2800680253 /* SignInControllerController.swift in Sources */ = {isa = PBXBuildFile; fileRef = 243014251FA8FE2800680253 /* SignInControllerController.swift */; };
		2448D40D1FA8DA2400DAB97E /* AppDelegate.swift in Sources */ = {isa = PBXBuildFile; fileRef = 2448D40C1FA8DA2400DAB97E /* AppDelegate.swift */; };
		2448D4121FA8DA2400DAB97E /* Main.storyboard in Resources */ = {isa = PBXBuildFile; fileRef = 2448D4101FA8DA2400DAB97E /* Main.storyboard */; };
		2448D4141FA8DA2400DAB97E /* Assets.xcassets in Resources */ = {isa = PBXBuildFile; fileRef = 2448D4131FA8DA2400DAB97E /* Assets.xcassets */; };
		2448D4171FA8DA2400DAB97E /* LaunchScreen.storyboard in Resources */ = {isa = PBXBuildFile; fileRef = 2448D4151FA8DA2400DAB97E /* LaunchScreen.storyboard */; };
		2448D4221FA8DA2400DAB97E /* StudAppTests.swift in Sources */ = {isa = PBXBuildFile; fileRef = 2448D4211FA8DA2400DAB97E /* StudAppTests.swift */; };
		2448D42D1FA8DA2400DAB97E /* StudAppUITests.swift in Sources */ = {isa = PBXBuildFile; fileRef = 2448D42C1FA8DA2400DAB97E /* StudAppUITests.swift */; };
		2448D4481FA8DB1E00DAB97E /* StudKit.framework in Frameworks */ = {isa = PBXBuildFile; fileRef = 2448D43F1FA8DB1E00DAB97E /* StudKit.framework */; };
		2448D44F1FA8DB1E00DAB97E /* ResultTests.swift in Sources */ = {isa = PBXBuildFile; fileRef = 2448D44E1FA8DB1E00DAB97E /* ResultTests.swift */; };
		2448D4511FA8DB1E00DAB97E /* StudKit.h in Headers */ = {isa = PBXBuildFile; fileRef = 2448D4411FA8DB1E00DAB97E /* StudKit.h */; settings = {ATTRIBUTES = (Public, ); }; };
		2448D4541FA8DB1E00DAB97E /* StudKit.framework in Frameworks */ = {isa = PBXBuildFile; fileRef = 2448D43F1FA8DB1E00DAB97E /* StudKit.framework */; };
		2448D4551FA8DB1E00DAB97E /* StudKit.framework in Embed Frameworks */ = {isa = PBXBuildFile; fileRef = 2448D43F1FA8DB1E00DAB97E /* StudKit.framework */; settings = {ATTRIBUTES = (CodeSignOnCopy, RemoveHeadersOnCopy, ); }; };
		2448D45E1FA8DBA300DAB97E /* Result.swift in Sources */ = {isa = PBXBuildFile; fileRef = 2448D45D1FA8DBA300DAB97E /* Result.swift */; };
		2448D4621FA8DC3900DAB97E /* String+Error.swift in Sources */ = {isa = PBXBuildFile; fileRef = 2448D4611FA8DC3900DAB97E /* String+Error.swift */; };
		2448D4771FA8DE2A00DAB97E /* ServiceContainer.swift in Sources */ = {isa = PBXBuildFile; fileRef = 2448D4751FA8DE2900DAB97E /* ServiceContainer.swift */; };
		2448D4781FA8DE2A00DAB97E /* ServiceProvider.swift in Sources */ = {isa = PBXBuildFile; fileRef = 2448D4761FA8DE2900DAB97E /* ServiceProvider.swift */; };
		2448D47B1FA8DE4000DAB97E /* ServiceContainerTests.swift in Sources */ = {isa = PBXBuildFile; fileRef = 2448D47A1FA8DE4000DAB97E /* ServiceContainerTests.swift */; };
		2448D48F1FA8DEE800DAB97E /* FileManager+Utils.swift in Sources */ = {isa = PBXBuildFile; fileRef = 2448D48E1FA8DEE800DAB97E /* FileManager+Utils.swift */; };
		2448D4931FA8DF1A00DAB97E /* FileManager+UtilsTests.swift in Sources */ = {isa = PBXBuildFile; fileRef = 2448D4921FA8DF1A00DAB97E /* FileManager+UtilsTests.swift */; };
		2448D4951FA8DF6000DAB97E /* StorageService.swift in Sources */ = {isa = PBXBuildFile; fileRef = 2448D4941FA8DF6000DAB97E /* StorageService.swift */; };
		2448D4971FA8DFB200DAB97E /* StudKitServiceProvider.swift in Sources */ = {isa = PBXBuildFile; fileRef = 2448D4961FA8DFB200DAB97E /* StudKitServiceProvider.swift */; };
		2448D4991FA8E00800DAB97E /* StudKitTestsServiceProvider.swift in Sources */ = {isa = PBXBuildFile; fileRef = 2448D4981FA8E00800DAB97E /* StudKitTestsServiceProvider.swift */; };
		2448D49B1FA8E01B00DAB97E /* Setup.swift in Sources */ = {isa = PBXBuildFile; fileRef = 2448D49A1FA8E01B00DAB97E /* Setup.swift */; };
		2448D4A51FA8E07E00DAB97E /* Result+Api.swift in Sources */ = {isa = PBXBuildFile; fileRef = 2448D49D1FA8E07E00DAB97E /* Result+Api.swift */; };
		2448D4A61FA8E07E00DAB97E /* ApiRoutes.swift in Sources */ = {isa = PBXBuildFile; fileRef = 2448D49E1FA8E07E00DAB97E /* ApiRoutes.swift */; };
		2448D4A71FA8E07E00DAB97E /* Api+Decodable.swift in Sources */ = {isa = PBXBuildFile; fileRef = 2448D49F1FA8E07E00DAB97E /* Api+Decodable.swift */; };
		2448D4A81FA8E07E00DAB97E /* Api+Download.swift in Sources */ = {isa = PBXBuildFile; fileRef = 2448D4A01FA8E07E00DAB97E /* Api+Download.swift */; };
		2448D4A91FA8E07E00DAB97E /* HttpMethod.swift in Sources */ = {isa = PBXBuildFile; fileRef = 2448D4A11FA8E07E00DAB97E /* HttpMethod.swift */; };
		2448D4AA1FA8E07E00DAB97E /* ApiCredentials.swift in Sources */ = {isa = PBXBuildFile; fileRef = 2448D4A21FA8E07E00DAB97E /* ApiCredentials.swift */; };
		2448D4AB1FA8E07E00DAB97E /* Api.swift in Sources */ = {isa = PBXBuildFile; fileRef = 2448D4A31FA8E07E00DAB97E /* Api.swift */; };
		2448D4AC1FA8E07E00DAB97E /* URLSession+ApiCredentials.swift in Sources */ = {isa = PBXBuildFile; fileRef = 2448D4A41FA8E07E00DAB97E /* URLSession+ApiCredentials.swift */; };
		2448D4B61FA8E0AB00DAB97E /* Result+ApiTests.swift in Sources */ = {isa = PBXBuildFile; fileRef = 2448D4AE1FA8E0AB00DAB97E /* Result+ApiTests.swift */; };
		2448D4B71FA8E0AB00DAB97E /* ApiTests.swift in Sources */ = {isa = PBXBuildFile; fileRef = 2448D4AF1FA8E0AB00DAB97E /* ApiTests.swift */; };
		2448D4B81FA8E0AB00DAB97E /* MockApi.swift in Sources */ = {isa = PBXBuildFile; fileRef = 2448D4B01FA8E0AB00DAB97E /* MockApi.swift */; };
		2448D4BA1FA8E0AB00DAB97E /* TestRoutes.swift in Sources */ = {isa = PBXBuildFile; fileRef = 2448D4B21FA8E0AB00DAB97E /* TestRoutes.swift */; };
		2448D4BB1FA8E0AB00DAB97E /* ApiRoutesTests.swift in Sources */ = {isa = PBXBuildFile; fileRef = 2448D4B31FA8E0AB00DAB97E /* ApiRoutesTests.swift */; };
		2448D4BC1FA8E0AB00DAB97E /* ApiCredentialsTests.swift in Sources */ = {isa = PBXBuildFile; fileRef = 2448D4B41FA8E0AB00DAB97E /* ApiCredentialsTests.swift */; };
		2448D4BD1FA8E0AB00DAB97E /* TestableApiRoutes.swift in Sources */ = {isa = PBXBuildFile; fileRef = 2448D4B51FA8E0AB00DAB97E /* TestableApiRoutes.swift */; };
/* End PBXBuildFile section */

/* Begin PBXContainerItemProxy section */
		2448D41E1FA8DA2400DAB97E /* PBXContainerItemProxy */ = {
			isa = PBXContainerItemProxy;
			containerPortal = 2448D4011FA8DA2400DAB97E /* Project object */;
			proxyType = 1;
			remoteGlobalIDString = 2448D4081FA8DA2400DAB97E;
			remoteInfo = StudApp;
		};
		2448D4291FA8DA2400DAB97E /* PBXContainerItemProxy */ = {
			isa = PBXContainerItemProxy;
			containerPortal = 2448D4011FA8DA2400DAB97E /* Project object */;
			proxyType = 1;
			remoteGlobalIDString = 2448D4081FA8DA2400DAB97E;
			remoteInfo = StudApp;
		};
		2448D4491FA8DB1E00DAB97E /* PBXContainerItemProxy */ = {
			isa = PBXContainerItemProxy;
			containerPortal = 2448D4011FA8DA2400DAB97E /* Project object */;
			proxyType = 1;
			remoteGlobalIDString = 2448D43E1FA8DB1E00DAB97E;
			remoteInfo = StudKit;
		};
		2448D44B1FA8DB1E00DAB97E /* PBXContainerItemProxy */ = {
			isa = PBXContainerItemProxy;
			containerPortal = 2448D4011FA8DA2400DAB97E /* Project object */;
			proxyType = 1;
			remoteGlobalIDString = 2448D4081FA8DA2400DAB97E;
			remoteInfo = StudApp;
		};
		2448D4521FA8DB1E00DAB97E /* PBXContainerItemProxy */ = {
			isa = PBXContainerItemProxy;
			containerPortal = 2448D4011FA8DA2400DAB97E /* Project object */;
			proxyType = 1;
			remoteGlobalIDString = 2448D43E1FA8DB1E00DAB97E;
			remoteInfo = StudKit;
		};
/* End PBXContainerItemProxy section */

/* Begin PBXCopyFilesBuildPhase section */
		2448D4591FA8DB1E00DAB97E /* Embed Frameworks */ = {
			isa = PBXCopyFilesBuildPhase;
			buildActionMask = 2147483647;
			dstPath = "";
			dstSubfolderSpec = 10;
			files = (
				2448D4551FA8DB1E00DAB97E /* StudKit.framework in Embed Frameworks */,
			);
			name = "Embed Frameworks";
			runOnlyForDeploymentPostprocessing = 0;
		};
/* End PBXCopyFilesBuildPhase section */

/* Begin PBXFileReference section */
		241FD9641FA8FFAD00FBD750 /* UINavigationBar+Utils.swift */ = {isa = PBXFileReference; lastKnownFileType = sourcecode.swift; path = "UINavigationBar+Utils.swift"; sourceTree = "<group>"; };
		241FD9661FA9022400FBD750 /* FilledButton.swift */ = {isa = PBXFileReference; lastKnownFileType = sourcecode.swift; path = FilledButton.swift; sourceTree = "<group>"; };
		241FD9681FA9087900FBD750 /* GroupedTextField.swift */ = {isa = PBXFileReference; lastKnownFileType = sourcecode.swift; path = GroupedTextField.swift; sourceTree = "<group>"; };
		241FD96A1FA9090F00FBD750 /* UI.swift */ = {isa = PBXFileReference; lastKnownFileType = sourcecode.swift; path = UI.swift; sourceTree = "<group>"; };
		241FD96E1FA9191500FBD750 /* SignInNavigationController.swift */ = {isa = PBXFileReference; lastKnownFileType = sourcecode.swift; path = SignInNavigationController.swift; sourceTree = "<group>"; };
		243014251FA8FE2800680253 /* SignInControllerController.swift */ = {isa = PBXFileReference; lastKnownFileType = sourcecode.swift; path = SignInControllerController.swift; sourceTree = "<group>"; };
		2448D4091FA8DA2400DAB97E /* StudApp.app */ = {isa = PBXFileReference; explicitFileType = wrapper.application; includeInIndex = 0; path = StudApp.app; sourceTree = BUILT_PRODUCTS_DIR; };
		2448D40C1FA8DA2400DAB97E /* AppDelegate.swift */ = {isa = PBXFileReference; lastKnownFileType = sourcecode.swift; path = AppDelegate.swift; sourceTree = "<group>"; };
		2448D4111FA8DA2400DAB97E /* Base */ = {isa = PBXFileReference; lastKnownFileType = file.storyboard; name = Base; path = Base.lproj/Main.storyboard; sourceTree = "<group>"; };
		2448D4131FA8DA2400DAB97E /* Assets.xcassets */ = {isa = PBXFileReference; lastKnownFileType = folder.assetcatalog; path = Assets.xcassets; sourceTree = "<group>"; };
		2448D4161FA8DA2400DAB97E /* Base */ = {isa = PBXFileReference; lastKnownFileType = file.storyboard; name = Base; path = Base.lproj/LaunchScreen.storyboard; sourceTree = "<group>"; };
		2448D4181FA8DA2400DAB97E /* Info.plist */ = {isa = PBXFileReference; lastKnownFileType = text.plist.xml; path = Info.plist; sourceTree = "<group>"; };
		2448D41D1FA8DA2400DAB97E /* StudAppTests.xctest */ = {isa = PBXFileReference; explicitFileType = wrapper.cfbundle; includeInIndex = 0; path = StudAppTests.xctest; sourceTree = BUILT_PRODUCTS_DIR; };
		2448D4211FA8DA2400DAB97E /* StudAppTests.swift */ = {isa = PBXFileReference; lastKnownFileType = sourcecode.swift; path = StudAppTests.swift; sourceTree = "<group>"; };
		2448D4231FA8DA2400DAB97E /* Info.plist */ = {isa = PBXFileReference; lastKnownFileType = text.plist.xml; path = Info.plist; sourceTree = "<group>"; };
		2448D4281FA8DA2400DAB97E /* StudAppUITests.xctest */ = {isa = PBXFileReference; explicitFileType = wrapper.cfbundle; includeInIndex = 0; path = StudAppUITests.xctest; sourceTree = BUILT_PRODUCTS_DIR; };
		2448D42C1FA8DA2400DAB97E /* StudAppUITests.swift */ = {isa = PBXFileReference; lastKnownFileType = sourcecode.swift; path = StudAppUITests.swift; sourceTree = "<group>"; };
		2448D42E1FA8DA2400DAB97E /* Info.plist */ = {isa = PBXFileReference; lastKnownFileType = text.plist.xml; path = Info.plist; sourceTree = "<group>"; };
		2448D43F1FA8DB1E00DAB97E /* StudKit.framework */ = {isa = PBXFileReference; explicitFileType = wrapper.framework; includeInIndex = 0; path = StudKit.framework; sourceTree = BUILT_PRODUCTS_DIR; };
		2448D4411FA8DB1E00DAB97E /* StudKit.h */ = {isa = PBXFileReference; lastKnownFileType = sourcecode.c.h; path = StudKit.h; sourceTree = "<group>"; };
		2448D4421FA8DB1E00DAB97E /* Info.plist */ = {isa = PBXFileReference; lastKnownFileType = text.plist.xml; path = Info.plist; sourceTree = "<group>"; };
		2448D4471FA8DB1E00DAB97E /* StudKitTests.xctest */ = {isa = PBXFileReference; explicitFileType = wrapper.cfbundle; includeInIndex = 0; path = StudKitTests.xctest; sourceTree = BUILT_PRODUCTS_DIR; };
		2448D44E1FA8DB1E00DAB97E /* ResultTests.swift */ = {isa = PBXFileReference; lastKnownFileType = sourcecode.swift; path = ResultTests.swift; sourceTree = "<group>"; };
		2448D4501FA8DB1E00DAB97E /* Info.plist */ = {isa = PBXFileReference; lastKnownFileType = text.plist.xml; path = Info.plist; sourceTree = "<group>"; };
		2448D45D1FA8DBA300DAB97E /* Result.swift */ = {isa = PBXFileReference; lastKnownFileType = sourcecode.swift; path = Result.swift; sourceTree = "<group>"; };
		2448D4611FA8DC3900DAB97E /* String+Error.swift */ = {isa = PBXFileReference; lastKnownFileType = sourcecode.swift; path = "String+Error.swift"; sourceTree = "<group>"; };
		2448D4751FA8DE2900DAB97E /* ServiceContainer.swift */ = {isa = PBXFileReference; fileEncoding = 4; lastKnownFileType = sourcecode.swift; path = ServiceContainer.swift; sourceTree = "<group>"; };
		2448D4761FA8DE2900DAB97E /* ServiceProvider.swift */ = {isa = PBXFileReference; fileEncoding = 4; lastKnownFileType = sourcecode.swift; path = ServiceProvider.swift; sourceTree = "<group>"; };
		2448D47A1FA8DE4000DAB97E /* ServiceContainerTests.swift */ = {isa = PBXFileReference; fileEncoding = 4; lastKnownFileType = sourcecode.swift; path = ServiceContainerTests.swift; sourceTree = "<group>"; };
		2448D48E1FA8DEE800DAB97E /* FileManager+Utils.swift */ = {isa = PBXFileReference; lastKnownFileType = sourcecode.swift; path = "FileManager+Utils.swift"; sourceTree = "<group>"; };
		2448D4921FA8DF1A00DAB97E /* FileManager+UtilsTests.swift */ = {isa = PBXFileReference; fileEncoding = 4; lastKnownFileType = sourcecode.swift; path = "FileManager+UtilsTests.swift"; sourceTree = "<group>"; };
		2448D4941FA8DF6000DAB97E /* StorageService.swift */ = {isa = PBXFileReference; fileEncoding = 4; lastKnownFileType = sourcecode.swift; path = StorageService.swift; sourceTree = "<group>"; };
		2448D4961FA8DFB200DAB97E /* StudKitServiceProvider.swift */ = {isa = PBXFileReference; lastKnownFileType = sourcecode.swift; path = StudKitServiceProvider.swift; sourceTree = "<group>"; };
		2448D4981FA8E00800DAB97E /* StudKitTestsServiceProvider.swift */ = {isa = PBXFileReference; fileEncoding = 4; lastKnownFileType = sourcecode.swift; path = StudKitTestsServiceProvider.swift; sourceTree = "<group>"; };
		2448D49A1FA8E01B00DAB97E /* Setup.swift */ = {isa = PBXFileReference; fileEncoding = 4; lastKnownFileType = sourcecode.swift; path = Setup.swift; sourceTree = "<group>"; };
		2448D49D1FA8E07E00DAB97E /* Result+Api.swift */ = {isa = PBXFileReference; fileEncoding = 4; lastKnownFileType = sourcecode.swift; path = "Result+Api.swift"; sourceTree = "<group>"; };
		2448D49E1FA8E07E00DAB97E /* ApiRoutes.swift */ = {isa = PBXFileReference; fileEncoding = 4; lastKnownFileType = sourcecode.swift; path = ApiRoutes.swift; sourceTree = "<group>"; };
		2448D49F1FA8E07E00DAB97E /* Api+Decodable.swift */ = {isa = PBXFileReference; fileEncoding = 4; lastKnownFileType = sourcecode.swift; path = "Api+Decodable.swift"; sourceTree = "<group>"; };
		2448D4A01FA8E07E00DAB97E /* Api+Download.swift */ = {isa = PBXFileReference; fileEncoding = 4; lastKnownFileType = sourcecode.swift; path = "Api+Download.swift"; sourceTree = "<group>"; };
		2448D4A11FA8E07E00DAB97E /* HttpMethod.swift */ = {isa = PBXFileReference; fileEncoding = 4; lastKnownFileType = sourcecode.swift; path = HttpMethod.swift; sourceTree = "<group>"; };
		2448D4A21FA8E07E00DAB97E /* ApiCredentials.swift */ = {isa = PBXFileReference; fileEncoding = 4; lastKnownFileType = sourcecode.swift; path = ApiCredentials.swift; sourceTree = "<group>"; };
		2448D4A31FA8E07E00DAB97E /* Api.swift */ = {isa = PBXFileReference; fileEncoding = 4; lastKnownFileType = sourcecode.swift; path = Api.swift; sourceTree = "<group>"; };
		2448D4A41FA8E07E00DAB97E /* URLSession+ApiCredentials.swift */ = {isa = PBXFileReference; fileEncoding = 4; lastKnownFileType = sourcecode.swift; path = "URLSession+ApiCredentials.swift"; sourceTree = "<group>"; };
		2448D4AE1FA8E0AB00DAB97E /* Result+ApiTests.swift */ = {isa = PBXFileReference; fileEncoding = 4; lastKnownFileType = sourcecode.swift; path = "Result+ApiTests.swift"; sourceTree = "<group>"; };
		2448D4AF1FA8E0AB00DAB97E /* ApiTests.swift */ = {isa = PBXFileReference; fileEncoding = 4; lastKnownFileType = sourcecode.swift; path = ApiTests.swift; sourceTree = "<group>"; };
		2448D4B01FA8E0AB00DAB97E /* MockApi.swift */ = {isa = PBXFileReference; fileEncoding = 4; lastKnownFileType = sourcecode.swift; path = MockApi.swift; sourceTree = "<group>"; };
		2448D4B21FA8E0AB00DAB97E /* TestRoutes.swift */ = {isa = PBXFileReference; fileEncoding = 4; lastKnownFileType = sourcecode.swift; path = TestRoutes.swift; sourceTree = "<group>"; };
		2448D4B31FA8E0AB00DAB97E /* ApiRoutesTests.swift */ = {isa = PBXFileReference; fileEncoding = 4; lastKnownFileType = sourcecode.swift; path = ApiRoutesTests.swift; sourceTree = "<group>"; };
		2448D4B41FA8E0AB00DAB97E /* ApiCredentialsTests.swift */ = {isa = PBXFileReference; fileEncoding = 4; lastKnownFileType = sourcecode.swift; path = ApiCredentialsTests.swift; sourceTree = "<group>"; };
		2448D4B51FA8E0AB00DAB97E /* TestableApiRoutes.swift */ = {isa = PBXFileReference; fileEncoding = 4; lastKnownFileType = sourcecode.swift; path = TestableApiRoutes.swift; sourceTree = "<group>"; };
/* End PBXFileReference section */

/* Begin PBXFrameworksBuildPhase section */
		2448D4061FA8DA2400DAB97E /* Frameworks */ = {
			isa = PBXFrameworksBuildPhase;
			buildActionMask = 2147483647;
			files = (
				2448D4541FA8DB1E00DAB97E /* StudKit.framework in Frameworks */,
			);
			runOnlyForDeploymentPostprocessing = 0;
		};
		2448D41A1FA8DA2400DAB97E /* Frameworks */ = {
			isa = PBXFrameworksBuildPhase;
			buildActionMask = 2147483647;
			files = (
			);
			runOnlyForDeploymentPostprocessing = 0;
		};
		2448D4251FA8DA2400DAB97E /* Frameworks */ = {
			isa = PBXFrameworksBuildPhase;
			buildActionMask = 2147483647;
			files = (
			);
			runOnlyForDeploymentPostprocessing = 0;
		};
		2448D43B1FA8DB1E00DAB97E /* Frameworks */ = {
			isa = PBXFrameworksBuildPhase;
			buildActionMask = 2147483647;
			files = (
			);
			runOnlyForDeploymentPostprocessing = 0;
		};
		2448D4441FA8DB1E00DAB97E /* Frameworks */ = {
			isa = PBXFrameworksBuildPhase;
			buildActionMask = 2147483647;
			files = (
				2448D4481FA8DB1E00DAB97E /* StudKit.framework in Frameworks */,
			);
			runOnlyForDeploymentPostprocessing = 0;
		};
/* End PBXFrameworksBuildPhase section */

/* Begin PBXGroup section */
		241FD9631FA8FF8A00FBD750 /* UIKit */ = {
			isa = PBXGroup;
			children = (
				241FD9641FA8FFAD00FBD750 /* UINavigationBar+Utils.swift */,
			);
			path = UIKit;
			sourceTree = "<group>";
		};
		2448D4001FA8DA2400DAB97E = {
			isa = PBXGroup;
			children = (
				2448D40B1FA8DA2400DAB97E /* StudApp */,
				2448D4201FA8DA2400DAB97E /* StudAppTests */,
				2448D42B1FA8DA2400DAB97E /* StudAppUITests */,
				2448D4401FA8DB1E00DAB97E /* StudKit */,
				2448D44D1FA8DB1E00DAB97E /* StudKitTests */,
				2448D40A1FA8DA2400DAB97E /* Products */,
			);
			sourceTree = "<group>";
		};
		2448D40A1FA8DA2400DAB97E /* Products */ = {
			isa = PBXGroup;
			children = (
				2448D4091FA8DA2400DAB97E /* StudApp.app */,
				2448D41D1FA8DA2400DAB97E /* StudAppTests.xctest */,
				2448D4281FA8DA2400DAB97E /* StudAppUITests.xctest */,
				2448D43F1FA8DB1E00DAB97E /* StudKit.framework */,
				2448D4471FA8DB1E00DAB97E /* StudKitTests.xctest */,
			);
			name = Products;
			sourceTree = "<group>";
		};
		2448D40B1FA8DA2400DAB97E /* StudApp */ = {
			isa = PBXGroup;
			children = (
				2448D40C1FA8DA2400DAB97E /* AppDelegate.swift */,
				241FD96E1FA9191500FBD750 /* SignInNavigationController.swift */,
				243014251FA8FE2800680253 /* SignInControllerController.swift */,
				241FD9661FA9022400FBD750 /* FilledButton.swift */,
				241FD9681FA9087900FBD750 /* GroupedTextField.swift */,
				241FD96A1FA9090F00FBD750 /* UI.swift */,
				2448D4151FA8DA2400DAB97E /* LaunchScreen.storyboard */,
				2448D4101FA8DA2400DAB97E /* Main.storyboard */,
				2448D4131FA8DA2400DAB97E /* Assets.xcassets */,
				2448D4181FA8DA2400DAB97E /* Info.plist */,
			);
			path = StudApp;
			sourceTree = "<group>";
		};
		2448D4201FA8DA2400DAB97E /* StudAppTests */ = {
			isa = PBXGroup;
			children = (
				2448D4211FA8DA2400DAB97E /* StudAppTests.swift */,
				2448D4231FA8DA2400DAB97E /* Info.plist */,
			);
			path = StudAppTests;
			sourceTree = "<group>";
		};
		2448D42B1FA8DA2400DAB97E /* StudAppUITests */ = {
			isa = PBXGroup;
			children = (
				2448D42C1FA8DA2400DAB97E /* StudAppUITests.swift */,
				2448D42E1FA8DA2400DAB97E /* Info.plist */,
			);
			path = StudAppUITests;
			sourceTree = "<group>";
		};
		2448D4401FA8DB1E00DAB97E /* StudKit */ = {
			isa = PBXGroup;
			children = (
				2448D45F1FA8DC1D00DAB97E /* Extensions */,
				2448D49C1FA8E07E00DAB97E /* Api */,
				2448D4741FA8DE1700DAB97E /* Services */,
				2448D45D1FA8DBA300DAB97E /* Result.swift */,
				2448D4961FA8DFB200DAB97E /* StudKitServiceProvider.swift */,
				2448D4411FA8DB1E00DAB97E /* StudKit.h */,
				2448D4421FA8DB1E00DAB97E /* Info.plist */,
			);
			path = StudKit;
			sourceTree = "<group>";
		};
		2448D44D1FA8DB1E00DAB97E /* StudKitTests */ = {
			isa = PBXGroup;
			children = (
				2448D4901FA8DF0900DAB97E /* Extensions */,
				2448D4AD1FA8E0A000DAB97E /* Api */,
				2448D4791FA8DE3300DAB97E /* Services */,
				2448D44E1FA8DB1E00DAB97E /* ResultTests.swift */,
				2448D49A1FA8E01B00DAB97E /* Setup.swift */,
				2448D4981FA8E00800DAB97E /* StudKitTestsServiceProvider.swift */,
				2448D4501FA8DB1E00DAB97E /* Info.plist */,
			);
			path = StudKitTests;
			sourceTree = "<group>";
		};
		2448D45F1FA8DC1D00DAB97E /* Extensions */ = {
			isa = PBXGroup;
			children = (
				2448D48D1FA8DED000DAB97E /* Foundation */,
				2448D4601FA8DC2500DAB97E /* Swift */,
				241FD9631FA8FF8A00FBD750 /* UIKit */,
			);
			path = Extensions;
			sourceTree = "<group>";
		};
		2448D4601FA8DC2500DAB97E /* Swift */ = {
			isa = PBXGroup;
			children = (
				2448D4611FA8DC3900DAB97E /* String+Error.swift */,
			);
			path = Swift;
			sourceTree = "<group>";
		};
		2448D4741FA8DE1700DAB97E /* Services */ = {
			isa = PBXGroup;
			children = (
				2448D4751FA8DE2900DAB97E /* ServiceContainer.swift */,
				2448D4761FA8DE2900DAB97E /* ServiceProvider.swift */,
				2448D4941FA8DF6000DAB97E /* StorageService.swift */,
			);
			path = Services;
			sourceTree = "<group>";
		};
		2448D4791FA8DE3300DAB97E /* Services */ = {
			isa = PBXGroup;
			children = (
				2448D47A1FA8DE4000DAB97E /* ServiceContainerTests.swift */,
			);
			path = Services;
			sourceTree = "<group>";
		};
		2448D48D1FA8DED000DAB97E /* Foundation */ = {
			isa = PBXGroup;
			children = (
				2448D48E1FA8DEE800DAB97E /* FileManager+Utils.swift */,
			);
			path = Foundation;
			sourceTree = "<group>";
		};
		2448D4901FA8DF0900DAB97E /* Extensions */ = {
			isa = PBXGroup;
			children = (
				2448D4911FA8DF0F00DAB97E /* Foundation */,
			);
			path = Extensions;
			sourceTree = "<group>";
		};
		2448D4911FA8DF0F00DAB97E /* Foundation */ = {
			isa = PBXGroup;
			children = (
				2448D4921FA8DF1A00DAB97E /* FileManager+UtilsTests.swift */,
			);
			path = Foundation;
			sourceTree = "<group>";
		};
		2448D49C1FA8E07E00DAB97E /* Api */ = {
			isa = PBXGroup;
			children = (
				2448D4A31FA8E07E00DAB97E /* Api.swift */,
				2448D49F1FA8E07E00DAB97E /* Api+Decodable.swift */,
				2448D4A01FA8E07E00DAB97E /* Api+Download.swift */,
				2448D49E1FA8E07E00DAB97E /* ApiRoutes.swift */,
				2448D4A21FA8E07E00DAB97E /* ApiCredentials.swift */,
				2448D4A11FA8E07E00DAB97E /* HttpMethod.swift */,
				2448D49D1FA8E07E00DAB97E /* Result+Api.swift */,
				2448D4A41FA8E07E00DAB97E /* URLSession+ApiCredentials.swift */,
			);
			path = Api;
			sourceTree = "<group>";
		};
		2448D4AD1FA8E0A000DAB97E /* Api */ = {
			isa = PBXGroup;
			children = (
				2448D4AF1FA8E0AB00DAB97E /* ApiTests.swift */,
				2448D4B41FA8E0AB00DAB97E /* ApiCredentialsTests.swift */,
				2448D4B31FA8E0AB00DAB97E /* ApiRoutesTests.swift */,
				2448D4B01FA8E0AB00DAB97E /* MockApi.swift */,
				2448D4AE1FA8E0AB00DAB97E /* Result+ApiTests.swift */,
				2448D4B51FA8E0AB00DAB97E /* TestableApiRoutes.swift */,
				2448D4B21FA8E0AB00DAB97E /* TestRoutes.swift */,
			);
			path = Api;
			sourceTree = "<group>";
		};
/* End PBXGroup section */

/* Begin PBXHeadersBuildPhase section */
		2448D43C1FA8DB1E00DAB97E /* Headers */ = {
			isa = PBXHeadersBuildPhase;
			buildActionMask = 2147483647;
			files = (
				2448D4511FA8DB1E00DAB97E /* StudKit.h in Headers */,
			);
			runOnlyForDeploymentPostprocessing = 0;
		};
/* End PBXHeadersBuildPhase section */

/* Begin PBXNativeTarget section */
		2448D4081FA8DA2400DAB97E /* StudApp */ = {
			isa = PBXNativeTarget;
			buildConfigurationList = 2448D4311FA8DA2400DAB97E /* Build configuration list for PBXNativeTarget "StudApp" */;
			buildPhases = (
				2448D4051FA8DA2400DAB97E /* Sources */,
				2448D4061FA8DA2400DAB97E /* Frameworks */,
				2448D4071FA8DA2400DAB97E /* Resources */,
				2448D4591FA8DB1E00DAB97E /* Embed Frameworks */,
			);
			buildRules = (
			);
			dependencies = (
				2448D4531FA8DB1E00DAB97E /* PBXTargetDependency */,
			);
			name = StudApp;
			productName = StudApp;
			productReference = 2448D4091FA8DA2400DAB97E /* StudApp.app */;
			productType = "com.apple.product-type.application";
		};
		2448D41C1FA8DA2400DAB97E /* StudAppTests */ = {
			isa = PBXNativeTarget;
			buildConfigurationList = 2448D4341FA8DA2400DAB97E /* Build configuration list for PBXNativeTarget "StudAppTests" */;
			buildPhases = (
				2448D4191FA8DA2400DAB97E /* Sources */,
				2448D41A1FA8DA2400DAB97E /* Frameworks */,
				2448D41B1FA8DA2400DAB97E /* Resources */,
			);
			buildRules = (
			);
			dependencies = (
				2448D41F1FA8DA2400DAB97E /* PBXTargetDependency */,
			);
			name = StudAppTests;
			productName = StudAppTests;
			productReference = 2448D41D1FA8DA2400DAB97E /* StudAppTests.xctest */;
			productType = "com.apple.product-type.bundle.unit-test";
		};
		2448D4271FA8DA2400DAB97E /* StudAppUITests */ = {
			isa = PBXNativeTarget;
			buildConfigurationList = 2448D4371FA8DA2400DAB97E /* Build configuration list for PBXNativeTarget "StudAppUITests" */;
			buildPhases = (
				2448D4241FA8DA2400DAB97E /* Sources */,
				2448D4251FA8DA2400DAB97E /* Frameworks */,
				2448D4261FA8DA2400DAB97E /* Resources */,
			);
			buildRules = (
			);
			dependencies = (
				2448D42A1FA8DA2400DAB97E /* PBXTargetDependency */,
			);
			name = StudAppUITests;
			productName = StudAppUITests;
			productReference = 2448D4281FA8DA2400DAB97E /* StudAppUITests.xctest */;
			productType = "com.apple.product-type.bundle.ui-testing";
		};
		2448D43E1FA8DB1E00DAB97E /* StudKit */ = {
			isa = PBXNativeTarget;
			buildConfigurationList = 2448D4561FA8DB1E00DAB97E /* Build configuration list for PBXNativeTarget "StudKit" */;
			buildPhases = (
				2448D43A1FA8DB1E00DAB97E /* Sources */,
				2448D43B1FA8DB1E00DAB97E /* Frameworks */,
				2448D43C1FA8DB1E00DAB97E /* Headers */,
				2448D43D1FA8DB1E00DAB97E /* Resources */,
			);
			buildRules = (
			);
			dependencies = (
			);
			name = StudKit;
			productName = StudKit;
			productReference = 2448D43F1FA8DB1E00DAB97E /* StudKit.framework */;
			productType = "com.apple.product-type.framework";
		};
		2448D4461FA8DB1E00DAB97E /* StudKitTests */ = {
			isa = PBXNativeTarget;
			buildConfigurationList = 2448D45A1FA8DB1E00DAB97E /* Build configuration list for PBXNativeTarget "StudKitTests" */;
			buildPhases = (
				2448D4431FA8DB1E00DAB97E /* Sources */,
				2448D4441FA8DB1E00DAB97E /* Frameworks */,
				2448D4451FA8DB1E00DAB97E /* Resources */,
			);
			buildRules = (
			);
			dependencies = (
				2448D44A1FA8DB1E00DAB97E /* PBXTargetDependency */,
				2448D44C1FA8DB1E00DAB97E /* PBXTargetDependency */,
			);
			name = StudKitTests;
			productName = StudKitTests;
			productReference = 2448D4471FA8DB1E00DAB97E /* StudKitTests.xctest */;
			productType = "com.apple.product-type.bundle.unit-test";
		};
/* End PBXNativeTarget section */

/* Begin PBXProject section */
		2448D4011FA8DA2400DAB97E /* Project object */ = {
			isa = PBXProject;
			attributes = {
				LastSwiftUpdateCheck = 0910;
				LastUpgradeCheck = 0910;
				ORGANIZATIONNAME = "Steffen Ryll";
				TargetAttributes = {
					2448D4081FA8DA2400DAB97E = {
						CreatedOnToolsVersion = 9.1;
						ProvisioningStyle = Automatic;
					};
					2448D41C1FA8DA2400DAB97E = {
						CreatedOnToolsVersion = 9.1;
						ProvisioningStyle = Automatic;
						TestTargetID = 2448D4081FA8DA2400DAB97E;
					};
					2448D4271FA8DA2400DAB97E = {
						CreatedOnToolsVersion = 9.1;
						ProvisioningStyle = Automatic;
						TestTargetID = 2448D4081FA8DA2400DAB97E;
					};
					2448D43E1FA8DB1E00DAB97E = {
						CreatedOnToolsVersion = 9.1;
						LastSwiftMigration = 0910;
						ProvisioningStyle = Automatic;
					};
					2448D4461FA8DB1E00DAB97E = {
						CreatedOnToolsVersion = 9.1;
						ProvisioningStyle = Automatic;
						TestTargetID = 2448D4081FA8DA2400DAB97E;
					};
				};
			};
			buildConfigurationList = 2448D4041FA8DA2400DAB97E /* Build configuration list for PBXProject "StudApp" */;
			compatibilityVersion = "Xcode 8.0";
			developmentRegion = en;
			hasScannedForEncodings = 0;
			knownRegions = (
				en,
				Base,
			);
			mainGroup = 2448D4001FA8DA2400DAB97E;
			productRefGroup = 2448D40A1FA8DA2400DAB97E /* Products */;
			projectDirPath = "";
			projectRoot = "";
			targets = (
				2448D4081FA8DA2400DAB97E /* StudApp */,
				2448D41C1FA8DA2400DAB97E /* StudAppTests */,
				2448D4271FA8DA2400DAB97E /* StudAppUITests */,
				2448D43E1FA8DB1E00DAB97E /* StudKit */,
				2448D4461FA8DB1E00DAB97E /* StudKitTests */,
			);
		};
/* End PBXProject section */

/* Begin PBXResourcesBuildPhase section */
		2448D4071FA8DA2400DAB97E /* Resources */ = {
			isa = PBXResourcesBuildPhase;
			buildActionMask = 2147483647;
			files = (
				2448D4171FA8DA2400DAB97E /* LaunchScreen.storyboard in Resources */,
				2448D4141FA8DA2400DAB97E /* Assets.xcassets in Resources */,
				2448D4121FA8DA2400DAB97E /* Main.storyboard in Resources */,
			);
			runOnlyForDeploymentPostprocessing = 0;
		};
		2448D41B1FA8DA2400DAB97E /* Resources */ = {
			isa = PBXResourcesBuildPhase;
			buildActionMask = 2147483647;
			files = (
			);
			runOnlyForDeploymentPostprocessing = 0;
		};
		2448D4261FA8DA2400DAB97E /* Resources */ = {
			isa = PBXResourcesBuildPhase;
			buildActionMask = 2147483647;
			files = (
			);
			runOnlyForDeploymentPostprocessing = 0;
		};
		2448D43D1FA8DB1E00DAB97E /* Resources */ = {
			isa = PBXResourcesBuildPhase;
			buildActionMask = 2147483647;
			files = (
			);
			runOnlyForDeploymentPostprocessing = 0;
		};
		2448D4451FA8DB1E00DAB97E /* Resources */ = {
			isa = PBXResourcesBuildPhase;
			buildActionMask = 2147483647;
			files = (
			);
			runOnlyForDeploymentPostprocessing = 0;
		};
/* End PBXResourcesBuildPhase section */

/* Begin PBXSourcesBuildPhase section */
		2448D4051FA8DA2400DAB97E /* Sources */ = {
			isa = PBXSourcesBuildPhase;
			buildActionMask = 2147483647;
			files = (
				241FD96F1FA9191500FBD750 /* SignInNavigationController.swift in Sources */,
				241FD96B1FA9090F00FBD750 /* UI.swift in Sources */,
				241FD9691FA9087900FBD750 /* GroupedTextField.swift in Sources */,
				243014261FA8FE2800680253 /* SignInControllerController.swift in Sources */,
				2448D40D1FA8DA2400DAB97E /* AppDelegate.swift in Sources */,
				241FD9671FA9022400FBD750 /* FilledButton.swift in Sources */,
			);
			runOnlyForDeploymentPostprocessing = 0;
		};
		2448D4191FA8DA2400DAB97E /* Sources */ = {
			isa = PBXSourcesBuildPhase;
			buildActionMask = 2147483647;
			files = (
				2448D4221FA8DA2400DAB97E /* StudAppTests.swift in Sources */,
			);
			runOnlyForDeploymentPostprocessing = 0;
		};
		2448D4241FA8DA2400DAB97E /* Sources */ = {
			isa = PBXSourcesBuildPhase;
			buildActionMask = 2147483647;
			files = (
				2448D42D1FA8DA2400DAB97E /* StudAppUITests.swift in Sources */,
			);
			runOnlyForDeploymentPostprocessing = 0;
		};
		2448D43A1FA8DB1E00DAB97E /* Sources */ = {
			isa = PBXSourcesBuildPhase;
			buildActionMask = 2147483647;
			files = (
				2448D4781FA8DE2A00DAB97E /* ServiceProvider.swift in Sources */,
				2448D4951FA8DF6000DAB97E /* StorageService.swift in Sources */,
				2448D4A71FA8E07E00DAB97E /* Api+Decodable.swift in Sources */,
				2448D4A81FA8E07E00DAB97E /* Api+Download.swift in Sources */,
				2448D4A91FA8E07E00DAB97E /* HttpMethod.swift in Sources */,
				2448D4771FA8DE2A00DAB97E /* ServiceContainer.swift in Sources */,
				2448D4971FA8DFB200DAB97E /* StudKitServiceProvider.swift in Sources */,
				241FD9651FA8FFAD00FBD750 /* UINavigationBar+Utils.swift in Sources */,
				2448D4AA1FA8E07E00DAB97E /* ApiCredentials.swift in Sources */,
				2448D4A61FA8E07E00DAB97E /* ApiRoutes.swift in Sources */,
				2448D48F1FA8DEE800DAB97E /* FileManager+Utils.swift in Sources */,
				2448D45E1FA8DBA300DAB97E /* Result.swift in Sources */,
				2448D4621FA8DC3900DAB97E /* String+Error.swift in Sources */,
				2448D4AB1FA8E07E00DAB97E /* Api.swift in Sources */,
				2448D4AC1FA8E07E00DAB97E /* URLSession+ApiCredentials.swift in Sources */,
				2448D4A51FA8E07E00DAB97E /* Result+Api.swift in Sources */,
			);
			runOnlyForDeploymentPostprocessing = 0;
		};
		2448D4431FA8DB1E00DAB97E /* Sources */ = {
			isa = PBXSourcesBuildPhase;
			buildActionMask = 2147483647;
			files = (
				2448D4931FA8DF1A00DAB97E /* FileManager+UtilsTests.swift in Sources */,
				2448D4BA1FA8E0AB00DAB97E /* TestRoutes.swift in Sources */,
				2448D4BC1FA8E0AB00DAB97E /* ApiCredentialsTests.swift in Sources */,
				2448D4991FA8E00800DAB97E /* StudKitTestsServiceProvider.swift in Sources */,
				2448D44F1FA8DB1E00DAB97E /* ResultTests.swift in Sources */,
				2448D4B61FA8E0AB00DAB97E /* Result+ApiTests.swift in Sources */,
				2448D4B81FA8E0AB00DAB97E /* MockApi.swift in Sources */,
				2448D49B1FA8E01B00DAB97E /* Setup.swift in Sources */,
				2448D47B1FA8DE4000DAB97E /* ServiceContainerTests.swift in Sources */,
				2448D4B71FA8E0AB00DAB97E /* ApiTests.swift in Sources */,
				2448D4BB1FA8E0AB00DAB97E /* ApiRoutesTests.swift in Sources */,
				2448D4BD1FA8E0AB00DAB97E /* TestableApiRoutes.swift in Sources */,
			);
			runOnlyForDeploymentPostprocessing = 0;
		};
/* End PBXSourcesBuildPhase section */

/* Begin PBXTargetDependency section */
		2448D41F1FA8DA2400DAB97E /* PBXTargetDependency */ = {
			isa = PBXTargetDependency;
			target = 2448D4081FA8DA2400DAB97E /* StudApp */;
			targetProxy = 2448D41E1FA8DA2400DAB97E /* PBXContainerItemProxy */;
		};
		2448D42A1FA8DA2400DAB97E /* PBXTargetDependency */ = {
			isa = PBXTargetDependency;
			target = 2448D4081FA8DA2400DAB97E /* StudApp */;
			targetProxy = 2448D4291FA8DA2400DAB97E /* PBXContainerItemProxy */;
		};
		2448D44A1FA8DB1E00DAB97E /* PBXTargetDependency */ = {
			isa = PBXTargetDependency;
			target = 2448D43E1FA8DB1E00DAB97E /* StudKit */;
			targetProxy = 2448D4491FA8DB1E00DAB97E /* PBXContainerItemProxy */;
		};
		2448D44C1FA8DB1E00DAB97E /* PBXTargetDependency */ = {
			isa = PBXTargetDependency;
			target = 2448D4081FA8DA2400DAB97E /* StudApp */;
			targetProxy = 2448D44B1FA8DB1E00DAB97E /* PBXContainerItemProxy */;
		};
		2448D4531FA8DB1E00DAB97E /* PBXTargetDependency */ = {
			isa = PBXTargetDependency;
			target = 2448D43E1FA8DB1E00DAB97E /* StudKit */;
			targetProxy = 2448D4521FA8DB1E00DAB97E /* PBXContainerItemProxy */;
		};
/* End PBXTargetDependency section */

/* Begin PBXVariantGroup section */
		2448D4101FA8DA2400DAB97E /* Main.storyboard */ = {
			isa = PBXVariantGroup;
			children = (
				2448D4111FA8DA2400DAB97E /* Base */,
			);
			name = Main.storyboard;
			sourceTree = "<group>";
		};
		2448D4151FA8DA2400DAB97E /* LaunchScreen.storyboard */ = {
			isa = PBXVariantGroup;
			children = (
				2448D4161FA8DA2400DAB97E /* Base */,
			);
			name = LaunchScreen.storyboard;
			sourceTree = "<group>";
		};
/* End PBXVariantGroup section */

/* Begin XCBuildConfiguration section */
		2448D42F1FA8DA2400DAB97E /* Debug */ = {
			isa = XCBuildConfiguration;
			buildSettings = {
				ALWAYS_SEARCH_USER_PATHS = NO;
				CLANG_ANALYZER_NONNULL = YES;
				CLANG_ANALYZER_NUMBER_OBJECT_CONVERSION = YES_AGGRESSIVE;
				CLANG_CXX_LANGUAGE_STANDARD = "gnu++14";
				CLANG_CXX_LIBRARY = "libc++";
				CLANG_ENABLE_MODULES = YES;
				CLANG_ENABLE_OBJC_ARC = YES;
				CLANG_WARN_BLOCK_CAPTURE_AUTORELEASING = YES;
				CLANG_WARN_BOOL_CONVERSION = YES;
				CLANG_WARN_COMMA = YES;
				CLANG_WARN_CONSTANT_CONVERSION = YES;
				CLANG_WARN_DIRECT_OBJC_ISA_USAGE = YES_ERROR;
				CLANG_WARN_DOCUMENTATION_COMMENTS = YES;
				CLANG_WARN_EMPTY_BODY = YES;
				CLANG_WARN_ENUM_CONVERSION = YES;
				CLANG_WARN_INFINITE_RECURSION = YES;
				CLANG_WARN_INT_CONVERSION = YES;
				CLANG_WARN_NON_LITERAL_NULL_CONVERSION = YES;
				CLANG_WARN_OBJC_LITERAL_CONVERSION = YES;
				CLANG_WARN_OBJC_ROOT_CLASS = YES_ERROR;
				CLANG_WARN_RANGE_LOOP_ANALYSIS = YES;
				CLANG_WARN_STRICT_PROTOTYPES = YES;
				CLANG_WARN_SUSPICIOUS_MOVE = YES;
				CLANG_WARN_UNGUARDED_AVAILABILITY = YES_AGGRESSIVE;
				CLANG_WARN_UNREACHABLE_CODE = YES;
				CLANG_WARN__DUPLICATE_METHOD_MATCH = YES;
				CODE_SIGN_IDENTITY = "iPhone Developer";
				COPY_PHASE_STRIP = NO;
				DEBUG_INFORMATION_FORMAT = dwarf;
				ENABLE_STRICT_OBJC_MSGSEND = YES;
				ENABLE_TESTABILITY = YES;
				GCC_C_LANGUAGE_STANDARD = gnu11;
				GCC_DYNAMIC_NO_PIC = NO;
				GCC_NO_COMMON_BLOCKS = YES;
				GCC_OPTIMIZATION_LEVEL = 0;
				GCC_PREPROCESSOR_DEFINITIONS = (
					"DEBUG=1",
					"$(inherited)",
				);
				GCC_WARN_64_TO_32_BIT_CONVERSION = YES;
				GCC_WARN_ABOUT_RETURN_TYPE = YES_ERROR;
				GCC_WARN_UNDECLARED_SELECTOR = YES;
				GCC_WARN_UNINITIALIZED_AUTOS = YES_AGGRESSIVE;
				GCC_WARN_UNUSED_FUNCTION = YES;
				GCC_WARN_UNUSED_VARIABLE = YES;
				IPHONEOS_DEPLOYMENT_TARGET = 11.1;
				MTL_ENABLE_DEBUG_INFO = YES;
				ONLY_ACTIVE_ARCH = YES;
				SDKROOT = iphoneos;
				SWIFT_ACTIVE_COMPILATION_CONDITIONS = DEBUG;
				SWIFT_OPTIMIZATION_LEVEL = "-Onone";
			};
			name = Debug;
		};
		2448D4301FA8DA2400DAB97E /* Release */ = {
			isa = XCBuildConfiguration;
			buildSettings = {
				ALWAYS_SEARCH_USER_PATHS = NO;
				CLANG_ANALYZER_NONNULL = YES;
				CLANG_ANALYZER_NUMBER_OBJECT_CONVERSION = YES_AGGRESSIVE;
				CLANG_CXX_LANGUAGE_STANDARD = "gnu++14";
				CLANG_CXX_LIBRARY = "libc++";
				CLANG_ENABLE_MODULES = YES;
				CLANG_ENABLE_OBJC_ARC = YES;
				CLANG_WARN_BLOCK_CAPTURE_AUTORELEASING = YES;
				CLANG_WARN_BOOL_CONVERSION = YES;
				CLANG_WARN_COMMA = YES;
				CLANG_WARN_CONSTANT_CONVERSION = YES;
				CLANG_WARN_DIRECT_OBJC_ISA_USAGE = YES_ERROR;
				CLANG_WARN_DOCUMENTATION_COMMENTS = YES;
				CLANG_WARN_EMPTY_BODY = YES;
				CLANG_WARN_ENUM_CONVERSION = YES;
				CLANG_WARN_INFINITE_RECURSION = YES;
				CLANG_WARN_INT_CONVERSION = YES;
				CLANG_WARN_NON_LITERAL_NULL_CONVERSION = YES;
				CLANG_WARN_OBJC_LITERAL_CONVERSION = YES;
				CLANG_WARN_OBJC_ROOT_CLASS = YES_ERROR;
				CLANG_WARN_RANGE_LOOP_ANALYSIS = YES;
				CLANG_WARN_STRICT_PROTOTYPES = YES;
				CLANG_WARN_SUSPICIOUS_MOVE = YES;
				CLANG_WARN_UNGUARDED_AVAILABILITY = YES_AGGRESSIVE;
				CLANG_WARN_UNREACHABLE_CODE = YES;
				CLANG_WARN__DUPLICATE_METHOD_MATCH = YES;
				CODE_SIGN_IDENTITY = "iPhone Developer";
				COPY_PHASE_STRIP = NO;
				DEBUG_INFORMATION_FORMAT = "dwarf-with-dsym";
				ENABLE_NS_ASSERTIONS = NO;
				ENABLE_STRICT_OBJC_MSGSEND = YES;
				GCC_C_LANGUAGE_STANDARD = gnu11;
				GCC_NO_COMMON_BLOCKS = YES;
				GCC_WARN_64_TO_32_BIT_CONVERSION = YES;
				GCC_WARN_ABOUT_RETURN_TYPE = YES_ERROR;
				GCC_WARN_UNDECLARED_SELECTOR = YES;
				GCC_WARN_UNINITIALIZED_AUTOS = YES_AGGRESSIVE;
				GCC_WARN_UNUSED_FUNCTION = YES;
				GCC_WARN_UNUSED_VARIABLE = YES;
				IPHONEOS_DEPLOYMENT_TARGET = 11.1;
				MTL_ENABLE_DEBUG_INFO = NO;
				SDKROOT = iphoneos;
				SWIFT_OPTIMIZATION_LEVEL = "-Owholemodule";
				VALIDATE_PRODUCT = YES;
			};
			name = Release;
		};
		2448D4321FA8DA2400DAB97E /* Debug */ = {
			isa = XCBuildConfiguration;
			buildSettings = {
				ALWAYS_EMBED_SWIFT_STANDARD_LIBRARIES = YES;
				ASSETCATALOG_COMPILER_APPICON_NAME = AppIcon;
				CODE_SIGN_STYLE = Automatic;
				DEVELOPMENT_TEAM = X63VKA93X8;
				INFOPLIST_FILE = StudApp/Info.plist;
				LD_RUNPATH_SEARCH_PATHS = "$(inherited) @executable_path/Frameworks";
				PRODUCT_BUNDLE_IDENTIFIER = SteffenRyll.StudApp;
				PRODUCT_NAME = "$(TARGET_NAME)";
				SWIFT_VERSION = 4.0;
				TARGETED_DEVICE_FAMILY = "1,2";
			};
			name = Debug;
		};
		2448D4331FA8DA2400DAB97E /* Release */ = {
			isa = XCBuildConfiguration;
			buildSettings = {
				ALWAYS_EMBED_SWIFT_STANDARD_LIBRARIES = YES;
				ASSETCATALOG_COMPILER_APPICON_NAME = AppIcon;
				CODE_SIGN_STYLE = Automatic;
				DEVELOPMENT_TEAM = X63VKA93X8;
				INFOPLIST_FILE = StudApp/Info.plist;
				LD_RUNPATH_SEARCH_PATHS = "$(inherited) @executable_path/Frameworks";
				PRODUCT_BUNDLE_IDENTIFIER = SteffenRyll.StudApp;
				PRODUCT_NAME = "$(TARGET_NAME)";
				SWIFT_VERSION = 4.0;
				TARGETED_DEVICE_FAMILY = "1,2";
			};
			name = Release;
		};
		2448D4351FA8DA2400DAB97E /* Debug */ = {
			isa = XCBuildConfiguration;
			buildSettings = {
				ALWAYS_EMBED_SWIFT_STANDARD_LIBRARIES = YES;
				BUNDLE_LOADER = "$(TEST_HOST)";
				CODE_SIGN_STYLE = Automatic;
				DEVELOPMENT_TEAM = X63VKA93X8;
				INFOPLIST_FILE = StudAppTests/Info.plist;
				LD_RUNPATH_SEARCH_PATHS = "$(inherited) @executable_path/Frameworks @loader_path/Frameworks";
				PRODUCT_BUNDLE_IDENTIFIER = SteffenRyll.StudAppTests;
				PRODUCT_NAME = "$(TARGET_NAME)";
				SWIFT_VERSION = 4.0;
				TARGETED_DEVICE_FAMILY = "1,2";
				TEST_HOST = "$(BUILT_PRODUCTS_DIR)/StudApp.app/StudApp";
			};
			name = Debug;
		};
		2448D4361FA8DA2400DAB97E /* Release */ = {
			isa = XCBuildConfiguration;
			buildSettings = {
				ALWAYS_EMBED_SWIFT_STANDARD_LIBRARIES = YES;
				BUNDLE_LOADER = "$(TEST_HOST)";
				CODE_SIGN_STYLE = Automatic;
				DEVELOPMENT_TEAM = X63VKA93X8;
				INFOPLIST_FILE = StudAppTests/Info.plist;
				LD_RUNPATH_SEARCH_PATHS = "$(inherited) @executable_path/Frameworks @loader_path/Frameworks";
				PRODUCT_BUNDLE_IDENTIFIER = SteffenRyll.StudAppTests;
				PRODUCT_NAME = "$(TARGET_NAME)";
				SWIFT_VERSION = 4.0;
				TARGETED_DEVICE_FAMILY = "1,2";
				TEST_HOST = "$(BUILT_PRODUCTS_DIR)/StudApp.app/StudApp";
			};
			name = Release;
		};
		2448D4381FA8DA2400DAB97E /* Debug */ = {
			isa = XCBuildConfiguration;
			buildSettings = {
				ALWAYS_EMBED_SWIFT_STANDARD_LIBRARIES = YES;
				CODE_SIGN_STYLE = Automatic;
				DEVELOPMENT_TEAM = X63VKA93X8;
				INFOPLIST_FILE = StudAppUITests/Info.plist;
				LD_RUNPATH_SEARCH_PATHS = "$(inherited) @executable_path/Frameworks @loader_path/Frameworks";
				PRODUCT_BUNDLE_IDENTIFIER = SteffenRyll.StudAppUITests;
				PRODUCT_NAME = "$(TARGET_NAME)";
				SWIFT_VERSION = 4.0;
				TARGETED_DEVICE_FAMILY = "1,2";
				TEST_TARGET_NAME = StudApp;
			};
			name = Debug;
		};
		2448D4391FA8DA2400DAB97E /* Release */ = {
			isa = XCBuildConfiguration;
			buildSettings = {
				ALWAYS_EMBED_SWIFT_STANDARD_LIBRARIES = YES;
				CODE_SIGN_STYLE = Automatic;
				DEVELOPMENT_TEAM = X63VKA93X8;
				INFOPLIST_FILE = StudAppUITests/Info.plist;
				LD_RUNPATH_SEARCH_PATHS = "$(inherited) @executable_path/Frameworks @loader_path/Frameworks";
				PRODUCT_BUNDLE_IDENTIFIER = SteffenRyll.StudAppUITests;
				PRODUCT_NAME = "$(TARGET_NAME)";
				SWIFT_VERSION = 4.0;
				TARGETED_DEVICE_FAMILY = "1,2";
				TEST_TARGET_NAME = StudApp;
			};
			name = Release;
		};
		2448D4571FA8DB1E00DAB97E /* Debug */ = {
			isa = XCBuildConfiguration;
			buildSettings = {
				APPLICATION_EXTENSION_API_ONLY = YES;
				CLANG_ENABLE_MODULES = YES;
				CODE_SIGN_IDENTITY = "";
				CODE_SIGN_STYLE = Automatic;
				CURRENT_PROJECT_VERSION = 1;
				DEFINES_MODULE = YES;
				DEVELOPMENT_TEAM = X63VKA93X8;
				DYLIB_COMPATIBILITY_VERSION = 1;
				DYLIB_CURRENT_VERSION = 1;
				DYLIB_INSTALL_NAME_BASE = "@rpath";
				INFOPLIST_FILE = StudKit/Info.plist;
				INSTALL_PATH = "$(LOCAL_LIBRARY_DIR)/Frameworks";
				LD_RUNPATH_SEARCH_PATHS = "$(inherited) @executable_path/Frameworks @loader_path/Frameworks";
				PRODUCT_BUNDLE_IDENTIFIER = SteffenRyll.StudKit;
				PRODUCT_NAME = "$(TARGET_NAME:c99extidentifier)";
				SKIP_INSTALL = YES;
				SWIFT_OPTIMIZATION_LEVEL = "-Onone";
				SWIFT_VERSION = 4.0;
				TARGETED_DEVICE_FAMILY = "1,2";
				VERSIONING_SYSTEM = "apple-generic";
				VERSION_INFO_PREFIX = "";
			};
			name = Debug;
		};
		2448D4581FA8DB1E00DAB97E /* Release */ = {
			isa = XCBuildConfiguration;
			buildSettings = {
				APPLICATION_EXTENSION_API_ONLY = YES;
				CLANG_ENABLE_MODULES = YES;
				CODE_SIGN_IDENTITY = "";
				CODE_SIGN_STYLE = Automatic;
				CURRENT_PROJECT_VERSION = 1;
				DEFINES_MODULE = YES;
				DEVELOPMENT_TEAM = X63VKA93X8;
				DYLIB_COMPATIBILITY_VERSION = 1;
				DYLIB_CURRENT_VERSION = 1;
				DYLIB_INSTALL_NAME_BASE = "@rpath";
				INFOPLIST_FILE = StudKit/Info.plist;
				INSTALL_PATH = "$(LOCAL_LIBRARY_DIR)/Frameworks";
				LD_RUNPATH_SEARCH_PATHS = "$(inherited) @executable_path/Frameworks @loader_path/Frameworks";
				PRODUCT_BUNDLE_IDENTIFIER = SteffenRyll.StudKit;
				PRODUCT_NAME = "$(TARGET_NAME:c99extidentifier)";
				SKIP_INSTALL = YES;
				SWIFT_VERSION = 4.0;
				TARGETED_DEVICE_FAMILY = "1,2";
				VERSIONING_SYSTEM = "apple-generic";
				VERSION_INFO_PREFIX = "";
			};
			name = Release;
		};
		2448D45B1FA8DB1E00DAB97E /* Debug */ = {
			isa = XCBuildConfiguration;
			buildSettings = {
				ALWAYS_EMBED_SWIFT_STANDARD_LIBRARIES = YES;
				CODE_SIGN_STYLE = Automatic;
				DEVELOPMENT_TEAM = X63VKA93X8;
				INFOPLIST_FILE = StudKitTests/Info.plist;
				LD_RUNPATH_SEARCH_PATHS = "$(inherited) @executable_path/Frameworks @loader_path/Frameworks";
				PRODUCT_BUNDLE_IDENTIFIER = SteffenRyll.StudKitTests;
				PRODUCT_NAME = "$(TARGET_NAME)";
				SWIFT_VERSION = 4.0;
				TARGETED_DEVICE_FAMILY = "1,2";
				TEST_HOST = "$(BUILT_PRODUCTS_DIR)/StudApp.app/StudApp";
			};
			name = Debug;
		};
		2448D45C1FA8DB1E00DAB97E /* Release */ = {
			isa = XCBuildConfiguration;
			buildSettings = {
				ALWAYS_EMBED_SWIFT_STANDARD_LIBRARIES = YES;
				CODE_SIGN_STYLE = Automatic;
				DEVELOPMENT_TEAM = X63VKA93X8;
				INFOPLIST_FILE = StudKitTests/Info.plist;
				LD_RUNPATH_SEARCH_PATHS = "$(inherited) @executable_path/Frameworks @loader_path/Frameworks";
				PRODUCT_BUNDLE_IDENTIFIER = SteffenRyll.StudKitTests;
				PRODUCT_NAME = "$(TARGET_NAME)";
				SWIFT_VERSION = 4.0;
				TARGETED_DEVICE_FAMILY = "1,2";
				TEST_HOST = "$(BUILT_PRODUCTS_DIR)/StudApp.app/StudApp";
			};
			name = Release;
		};
/* End XCBuildConfiguration section */

/* Begin XCConfigurationList section */
		2448D4041FA8DA2400DAB97E /* Build configuration list for PBXProject "StudApp" */ = {
			isa = XCConfigurationList;
			buildConfigurations = (
				2448D42F1FA8DA2400DAB97E /* Debug */,
				2448D4301FA8DA2400DAB97E /* Release */,
			);
			defaultConfigurationIsVisible = 0;
			defaultConfigurationName = Release;
		};
		2448D4311FA8DA2400DAB97E /* Build configuration list for PBXNativeTarget "StudApp" */ = {
			isa = XCConfigurationList;
			buildConfigurations = (
				2448D4321FA8DA2400DAB97E /* Debug */,
				2448D4331FA8DA2400DAB97E /* Release */,
			);
			defaultConfigurationIsVisible = 0;
			defaultConfigurationName = Release;
		};
		2448D4341FA8DA2400DAB97E /* Build configuration list for PBXNativeTarget "StudAppTests" */ = {
			isa = XCConfigurationList;
			buildConfigurations = (
				2448D4351FA8DA2400DAB97E /* Debug */,
				2448D4361FA8DA2400DAB97E /* Release */,
			);
			defaultConfigurationIsVisible = 0;
			defaultConfigurationName = Release;
		};
		2448D4371FA8DA2400DAB97E /* Build configuration list for PBXNativeTarget "StudAppUITests" */ = {
			isa = XCConfigurationList;
			buildConfigurations = (
				2448D4381FA8DA2400DAB97E /* Debug */,
				2448D4391FA8DA2400DAB97E /* Release */,
			);
			defaultConfigurationIsVisible = 0;
			defaultConfigurationName = Release;
		};
		2448D4561FA8DB1E00DAB97E /* Build configuration list for PBXNativeTarget "StudKit" */ = {
			isa = XCConfigurationList;
			buildConfigurations = (
				2448D4571FA8DB1E00DAB97E /* Debug */,
				2448D4581FA8DB1E00DAB97E /* Release */,
			);
			defaultConfigurationIsVisible = 0;
			defaultConfigurationName = Release;
		};
		2448D45A1FA8DB1E00DAB97E /* Build configuration list for PBXNativeTarget "StudKitTests" */ = {
			isa = XCConfigurationList;
			buildConfigurations = (
				2448D45B1FA8DB1E00DAB97E /* Debug */,
				2448D45C1FA8DB1E00DAB97E /* Release */,
			);
			defaultConfigurationIsVisible = 0;
			defaultConfigurationName = Release;
		};
/* End XCConfigurationList section */
	};
	rootObject = 2448D4011FA8DA2400DAB97E /* Project object */;
}
